
Microsoft Visual Studio Solution File, Format Version 12.00
# Visual Studio Version 17
VisualStudioVersion = 17.2.32602.215
MinimumVisualStudioVersion = 10.0.40219.1
Project("{FAE04EC0-301F-11D3-BF4B-00C04F79EFBC}") = "BOTArbitradorPorPlazo", "BOTArbitradorPorPlazo.csproj", "{CADBF105-6648-4321-9567-AEF8B172EFAF}"
EndProject
Global
	GlobalSection(SolutionConfigurationPlatforms) = preSolution
		Debug|Any CPU = Debug|Any CPU
		Release|Any CPU = Release|Any CPU
	EndGlobalSection
	GlobalSection(ProjectConfigurationPlatforms) = postSolution
		{CADBF105-6648-4321-9567-AEF8B172EFAF}.Debug|Any CPU.ActiveCfg = Debug|Any CPU
		{CADBF105-6648-4321-9567-AEF8B172EFAF}.Debug|Any CPU.Build.0 = Debug|Any CPU
		{CADBF105-6648-4321-9567-AEF8B172EFAF}.Release|Any CPU.ActiveCfg = Release|Any CPU
		{CADBF105-6648-4321-9567-AEF8B172EFAF}.Release|Any CPU.Build.0 = Release|Any CPU
	EndGlobalSection
	GlobalSection(SolutionProperties) = preSolution
		HideSolutionNode = FALSE
	EndGlobalSection
	GlobalSection(ExtensibilityGlobals) = postSolution
		SolutionGuid = {AC01CBA4-27E6-4BD3-BFD5-4B73F899F91D}
	EndGlobalSection
EndGlobal
